// !$*UTF8*$!
{
	archiveVersion = 1;
	classes = {
	};
	objectVersion = 56;
	objects = {

/* Begin PBXBuildFile section */
		240C91EC29706026003547FC /* GetCountries.graphql in Resources */ = {isa = PBXBuildFile; fileRef = 240C91EB29706026003547FC /* GetCountries.graphql */; };
		240C91F82970613D003547FC /* GetCountriesQuery.graphql.swift in Sources */ = {isa = PBXBuildFile; fileRef = 240C91F02970613D003547FC /* GetCountriesQuery.graphql.swift */; };
		240C91F92970613D003547FC /* Query.graphql.swift in Sources */ = {isa = PBXBuildFile; fileRef = 240C91F32970613D003547FC /* Query.graphql.swift */; };
		240C91FA2970613D003547FC /* Country.graphql.swift in Sources */ = {isa = PBXBuildFile; fileRef = 240C91F42970613D003547FC /* Country.graphql.swift */; };
		240C91FB2970613D003547FC /* SchemaConfiguration.swift in Sources */ = {isa = PBXBuildFile; fileRef = 240C91F52970613D003547FC /* SchemaConfiguration.swift */; };
		240C91FC2970613D003547FC /* SchemaMetadata.graphql.swift in Sources */ = {isa = PBXBuildFile; fileRef = 240C91F62970613D003547FC /* SchemaMetadata.graphql.swift */; };
		240C91FD2970613D003547FC /* SchemaGraphQL.graphql.swift in Sources */ = {isa = PBXBuildFile; fileRef = 240C91F72970613D003547FC /* SchemaGraphQL.graphql.swift */; };
		240C91FF2970639B003547FC /* CountryListFetcher.swift in Sources */ = {isa = PBXBuildFile; fileRef = 240C91FE2970639B003547FC /* CountryListFetcher.swift */; };
		2452CA4B296F6BC700DD0CF7 /* ErrorView.swift in Sources */ = {isa = PBXBuildFile; fileRef = 2452CA4A296F6BC700DD0CF7 /* ErrorView.swift */; };
		2458CA3F2971B56700B969AA /* CountryDetailElementView.swift in Sources */ = {isa = PBXBuildFile; fileRef = 2458CA3E2971B56700B969AA /* CountryDetailElementView.swift */; };
		2458CA41297319D400B969AA /* HeyWorldError.swift in Sources */ = {isa = PBXBuildFile; fileRef = 2458CA40297319D400B969AA /* HeyWorldError.swift */; };
		2458CA4329731B0900B969AA /* EmptyView.swift in Sources */ = {isa = PBXBuildFile; fileRef = 2458CA4229731B0900B969AA /* EmptyView.swift */; };
		2458CA452974124400B969AA /* CountryListViewModelTests.swift in Sources */ = {isa = PBXBuildFile; fileRef = 2458CA442974124400B969AA /* CountryListViewModelTests.swift */; };
		2458CA4B297441A000B969AA /* CountryListFetcherMocked.swift in Sources */ = {isa = PBXBuildFile; fileRef = 2458CA4A297441A000B969AA /* CountryListFetcherMocked.swift */; };
		2458CA4D297457A000B969AA /* CountryDetailFetcherMocked.swift in Sources */ = {isa = PBXBuildFile; fileRef = 2458CA4C297457A000B969AA /* CountryDetailFetcherMocked.swift */; };
		2458CA4F297458F300B969AA /* CountryDetailViewModelTests.swift in Sources */ = {isa = PBXBuildFile; fileRef = 2458CA4E297458F300B969AA /* CountryDetailViewModelTests.swift */; };
		2489D9A2296F18AB0033717C /* HeyWorldApp.swift in Sources */ = {isa = PBXBuildFile; fileRef = 2489D9A1296F18AB0033717C /* HeyWorldApp.swift */; };
		2489D9A6296F18AC0033717C /* Assets.xcassets in Resources */ = {isa = PBXBuildFile; fileRef = 2489D9A5296F18AC0033717C /* Assets.xcassets */; };
		2489D9A9296F18AC0033717C /* Preview Assets.xcassets in Resources */ = {isa = PBXBuildFile; fileRef = 2489D9A8296F18AC0033717C /* Preview Assets.xcassets */; };
		2489D9CD296F18E10033717C /* Apollo in Frameworks */ = {isa = PBXBuildFile; productRef = 2489D9CC296F18E10033717C /* Apollo */; };
		2489D9D1296F1AC70033717C /* CountryListView.swift in Sources */ = {isa = PBXBuildFile; fileRef = 2489D9D0296F1AC70033717C /* CountryListView.swift */; };
		2489D9D3296F1ADB0033717C /* CountryListViewModel.swift in Sources */ = {isa = PBXBuildFile; fileRef = 2489D9D2296F1ADB0033717C /* CountryListViewModel.swift */; };
		2489D9D6296F1B860033717C /* CountryLight.swift in Sources */ = {isa = PBXBuildFile; fileRef = 2489D9D5296F1B860033717C /* CountryLight.swift */; };
		2489D9EA296F1F560033717C /* ViewModelState.swift in Sources */ = {isa = PBXBuildFile; fileRef = 2489D9E9296F1F560033717C /* ViewModelState.swift */; };
		2489D9EC296F2AD40033717C /* CountryListRowView.swift in Sources */ = {isa = PBXBuildFile; fileRef = 2489D9EB296F2AD40033717C /* CountryListRowView.swift */; };
		2489D9F0296F31500033717C /* CountryDetailView.swift in Sources */ = {isa = PBXBuildFile; fileRef = 2489D9EF296F31500033717C /* CountryDetailView.swift */; };
		2489D9F2296F31920033717C /* CountryDetailViewModel.swift in Sources */ = {isa = PBXBuildFile; fileRef = 2489D9F1296F31920033717C /* CountryDetailViewModel.swift */; };
		2489D9F4296F32490033717C /* CountryDetailed.swift in Sources */ = {isa = PBXBuildFile; fileRef = 2489D9F3296F32490033717C /* CountryDetailed.swift */; };
		2489D9F6296F33C10033717C /* CountryProtocol.swift in Sources */ = {isa = PBXBuildFile; fileRef = 2489D9F5296F33C10033717C /* CountryProtocol.swift */; };
		2489D9F8296F56380033717C /* README.md in Resources */ = {isa = PBXBuildFile; fileRef = 2489D9F7296F56380033717C /* README.md */; };
		2489D9FA296F5AFA0033717C /* Continent.swift in Sources */ = {isa = PBXBuildFile; fileRef = 2489D9F9296F5AFA0033717C /* Continent.swift */; };
		2489D9FC296F5C0D0033717C /* Languages.swift in Sources */ = {isa = PBXBuildFile; fileRef = 2489D9FB296F5C0D0033717C /* Languages.swift */; };
		24E3DFA32970A56800133975 /* Network.swift in Sources */ = {isa = PBXBuildFile; fileRef = 24E3DFA22970A56800133975 /* Network.swift */; };
		24E3DFA62970A5A500133975 /* schema.graphqls in Resources */ = {isa = PBXBuildFile; fileRef = 24E3DFA42970A5A500133975 /* schema.graphqls */; };
		24E3DFA72970A5A500133975 /* apollo-codegen-config.json in Resources */ = {isa = PBXBuildFile; fileRef = 24E3DFA52970A5A500133975 /* apollo-codegen-config.json */; };
		24E3DFBA2970AD0000133975 /* GetCountryDetail.graphql in Resources */ = {isa = PBXBuildFile; fileRef = 24E3DFB92970AD0000133975 /* GetCountryDetail.graphql */; };
		24E3DFBC2970ADEF00133975 /* GetCountryDetailQuery.graphql.swift in Sources */ = {isa = PBXBuildFile; fileRef = 24E3DFBB2970ADEF00133975 /* GetCountryDetailQuery.graphql.swift */; };
		24E3DFBF2970AE1D00133975 /* CountryDetailFetcher.swift in Sources */ = {isa = PBXBuildFile; fileRef = 24E3DFBE2970AE1D00133975 /* CountryDetailFetcher.swift */; };
		24E3DFC22970B3E000133975 /* Continent.graphql.swift in Sources */ = {isa = PBXBuildFile; fileRef = 24E3DFC02970B3E000133975 /* Continent.graphql.swift */; };
		24E3DFC32970B3E000133975 /* Language.graphql.swift in Sources */ = {isa = PBXBuildFile; fileRef = 24E3DFC12970B3E000133975 /* Language.graphql.swift */; };
		24E3DFC52970B50B00133975 /* Fetcher.swift in Sources */ = {isa = PBXBuildFile; fileRef = 24E3DFC42970B50B00133975 /* Fetcher.swift */; };
/* End PBXBuildFile section */

/* Begin PBXContainerItemProxy section */
		2489D9AF296F18AC0033717C /* PBXContainerItemProxy */ = {
			isa = PBXContainerItemProxy;
			containerPortal = 2489D996296F18AB0033717C /* Project object */;
			proxyType = 1;
			remoteGlobalIDString = 2489D99D296F18AB0033717C;
			remoteInfo = HeyWorld;
		};
/* End PBXContainerItemProxy section */

/* Begin PBXFileReference section */
		240C91EB29706026003547FC /* GetCountries.graphql */ = {isa = PBXFileReference; fileEncoding = 4; lastKnownFileType = text; path = GetCountries.graphql; sourceTree = "<group>"; };
		240C91F02970613D003547FC /* GetCountriesQuery.graphql.swift */ = {isa = PBXFileReference; fileEncoding = 4; lastKnownFileType = sourcecode.swift; path = GetCountriesQuery.graphql.swift; sourceTree = "<group>"; };
		240C91F32970613D003547FC /* Query.graphql.swift */ = {isa = PBXFileReference; fileEncoding = 4; lastKnownFileType = sourcecode.swift; path = Query.graphql.swift; sourceTree = "<group>"; };
		240C91F42970613D003547FC /* Country.graphql.swift */ = {isa = PBXFileReference; fileEncoding = 4; lastKnownFileType = sourcecode.swift; path = Country.graphql.swift; sourceTree = "<group>"; };
		240C91F52970613D003547FC /* SchemaConfiguration.swift */ = {isa = PBXFileReference; fileEncoding = 4; lastKnownFileType = sourcecode.swift; path = SchemaConfiguration.swift; sourceTree = "<group>"; };
		240C91F62970613D003547FC /* SchemaMetadata.graphql.swift */ = {isa = PBXFileReference; fileEncoding = 4; lastKnownFileType = sourcecode.swift; path = SchemaMetadata.graphql.swift; sourceTree = "<group>"; };
		240C91F72970613D003547FC /* SchemaGraphQL.graphql.swift */ = {isa = PBXFileReference; fileEncoding = 4; lastKnownFileType = sourcecode.swift; path = SchemaGraphQL.graphql.swift; sourceTree = "<group>"; };
		240C91FE2970639B003547FC /* CountryListFetcher.swift */ = {isa = PBXFileReference; lastKnownFileType = sourcecode.swift; path = CountryListFetcher.swift; sourceTree = "<group>"; };
		2452CA4A296F6BC700DD0CF7 /* ErrorView.swift */ = {isa = PBXFileReference; lastKnownFileType = sourcecode.swift; path = ErrorView.swift; sourceTree = "<group>"; };
		2458CA3E2971B56700B969AA /* CountryDetailElementView.swift */ = {isa = PBXFileReference; lastKnownFileType = sourcecode.swift; path = CountryDetailElementView.swift; sourceTree = "<group>"; };
		2458CA40297319D400B969AA /* HeyWorldError.swift */ = {isa = PBXFileReference; lastKnownFileType = sourcecode.swift; path = HeyWorldError.swift; sourceTree = "<group>"; };
		2458CA4229731B0900B969AA /* EmptyView.swift */ = {isa = PBXFileReference; lastKnownFileType = sourcecode.swift; path = EmptyView.swift; sourceTree = "<group>"; };
		2458CA442974124400B969AA /* CountryListViewModelTests.swift */ = {isa = PBXFileReference; lastKnownFileType = sourcecode.swift; path = CountryListViewModelTests.swift; sourceTree = "<group>"; };
		2458CA4A297441A000B969AA /* CountryListFetcherMocked.swift */ = {isa = PBXFileReference; lastKnownFileType = sourcecode.swift; path = CountryListFetcherMocked.swift; sourceTree = "<group>"; };
		2458CA4C297457A000B969AA /* CountryDetailFetcherMocked.swift */ = {isa = PBXFileReference; lastKnownFileType = sourcecode.swift; path = CountryDetailFetcherMocked.swift; sourceTree = "<group>"; };
		2458CA4E297458F300B969AA /* CountryDetailViewModelTests.swift */ = {isa = PBXFileReference; lastKnownFileType = sourcecode.swift; path = CountryDetailViewModelTests.swift; sourceTree = "<group>"; };
		2489D99E296F18AB0033717C /* HeyWorld.app */ = {isa = PBXFileReference; explicitFileType = wrapper.application; includeInIndex = 0; path = HeyWorld.app; sourceTree = BUILT_PRODUCTS_DIR; };
		2489D9A1296F18AB0033717C /* HeyWorldApp.swift */ = {isa = PBXFileReference; lastKnownFileType = sourcecode.swift; path = HeyWorldApp.swift; sourceTree = "<group>"; };
		2489D9A5296F18AC0033717C /* Assets.xcassets */ = {isa = PBXFileReference; lastKnownFileType = folder.assetcatalog; path = Assets.xcassets; sourceTree = "<group>"; };
		2489D9A8296F18AC0033717C /* Preview Assets.xcassets */ = {isa = PBXFileReference; lastKnownFileType = folder.assetcatalog; path = "Preview Assets.xcassets"; sourceTree = "<group>"; };
		2489D9AE296F18AC0033717C /* HeyWorldTests.xctest */ = {isa = PBXFileReference; explicitFileType = wrapper.cfbundle; includeInIndex = 0; path = HeyWorldTests.xctest; sourceTree = BUILT_PRODUCTS_DIR; };
		2489D9D0296F1AC70033717C /* CountryListView.swift */ = {isa = PBXFileReference; lastKnownFileType = sourcecode.swift; path = CountryListView.swift; sourceTree = "<group>"; };
		2489D9D2296F1ADB0033717C /* CountryListViewModel.swift */ = {isa = PBXFileReference; lastKnownFileType = sourcecode.swift; path = CountryListViewModel.swift; sourceTree = "<group>"; };
		2489D9D5296F1B860033717C /* CountryLight.swift */ = {isa = PBXFileReference; lastKnownFileType = sourcecode.swift; path = CountryLight.swift; sourceTree = "<group>"; };
		2489D9E9296F1F560033717C /* ViewModelState.swift */ = {isa = PBXFileReference; lastKnownFileType = sourcecode.swift; path = ViewModelState.swift; sourceTree = "<group>"; };
		2489D9EB296F2AD40033717C /* CountryListRowView.swift */ = {isa = PBXFileReference; lastKnownFileType = sourcecode.swift; path = CountryListRowView.swift; sourceTree = "<group>"; };
		2489D9EF296F31500033717C /* CountryDetailView.swift */ = {isa = PBXFileReference; lastKnownFileType = sourcecode.swift; path = CountryDetailView.swift; sourceTree = "<group>"; };
		2489D9F1296F31920033717C /* CountryDetailViewModel.swift */ = {isa = PBXFileReference; lastKnownFileType = sourcecode.swift; path = CountryDetailViewModel.swift; sourceTree = "<group>"; };
		2489D9F3296F32490033717C /* CountryDetailed.swift */ = {isa = PBXFileReference; lastKnownFileType = sourcecode.swift; path = CountryDetailed.swift; sourceTree = "<group>"; };
		2489D9F5296F33C10033717C /* CountryProtocol.swift */ = {isa = PBXFileReference; lastKnownFileType = sourcecode.swift; path = CountryProtocol.swift; sourceTree = "<group>"; };
		2489D9F7296F56380033717C /* README.md */ = {isa = PBXFileReference; lastKnownFileType = net.daringfireball.markdown; path = README.md; sourceTree = "<group>"; };
		2489D9F9296F5AFA0033717C /* Continent.swift */ = {isa = PBXFileReference; lastKnownFileType = sourcecode.swift; path = Continent.swift; sourceTree = "<group>"; };
		2489D9FB296F5C0D0033717C /* Languages.swift */ = {isa = PBXFileReference; lastKnownFileType = sourcecode.swift; path = Languages.swift; sourceTree = "<group>"; };
		24E3DFA22970A56800133975 /* Network.swift */ = {isa = PBXFileReference; lastKnownFileType = sourcecode.swift; path = Network.swift; sourceTree = "<group>"; };
		24E3DFA42970A5A500133975 /* schema.graphqls */ = {isa = PBXFileReference; fileEncoding = 4; lastKnownFileType = text; path = schema.graphqls; sourceTree = "<group>"; };
		24E3DFA52970A5A500133975 /* apollo-codegen-config.json */ = {isa = PBXFileReference; fileEncoding = 4; lastKnownFileType = text.json; path = "apollo-codegen-config.json"; sourceTree = "<group>"; };
		24E3DFB92970AD0000133975 /* GetCountryDetail.graphql */ = {isa = PBXFileReference; lastKnownFileType = text; path = GetCountryDetail.graphql; sourceTree = "<group>"; };
		24E3DFBB2970ADEF00133975 /* GetCountryDetailQuery.graphql.swift */ = {isa = PBXFileReference; fileEncoding = 4; lastKnownFileType = sourcecode.swift; path = GetCountryDetailQuery.graphql.swift; sourceTree = "<group>"; };
		24E3DFBE2970AE1D00133975 /* CountryDetailFetcher.swift */ = {isa = PBXFileReference; lastKnownFileType = sourcecode.swift; path = CountryDetailFetcher.swift; sourceTree = "<group>"; };
		24E3DFC02970B3E000133975 /* Continent.graphql.swift */ = {isa = PBXFileReference; fileEncoding = 4; lastKnownFileType = sourcecode.swift; path = Continent.graphql.swift; sourceTree = "<group>"; };
		24E3DFC12970B3E000133975 /* Language.graphql.swift */ = {isa = PBXFileReference; fileEncoding = 4; lastKnownFileType = sourcecode.swift; path = Language.graphql.swift; sourceTree = "<group>"; };
		24E3DFC42970B50B00133975 /* Fetcher.swift */ = {isa = PBXFileReference; lastKnownFileType = sourcecode.swift; path = Fetcher.swift; sourceTree = "<group>"; };
/* End PBXFileReference section */

/* Begin PBXFrameworksBuildPhase section */
		2489D99B296F18AB0033717C /* Frameworks */ = {
			isa = PBXFrameworksBuildPhase;
			buildActionMask = 2147483647;
			files = (
				2489D9CD296F18E10033717C /* Apollo in Frameworks */,
			);
			runOnlyForDeploymentPostprocessing = 0;
		};
		2489D9AB296F18AC0033717C /* Frameworks */ = {
			isa = PBXFrameworksBuildPhase;
			buildActionMask = 2147483647;
			files = (
			);
			runOnlyForDeploymentPostprocessing = 0;
		};
/* End PBXFrameworksBuildPhase section */

/* Begin PBXGroup section */
		240C91E929705FBC003547FC /* GraphQL */ = {
			isa = PBXGroup;
			children = (
				24E3DFA52970A5A500133975 /* apollo-codegen-config.json */,
				24E3DFA42970A5A500133975 /* schema.graphqls */,
				240C91ED2970613D003547FC /* Generated */,
				240C91EA29706000003547FC /* Queries */,
			);
			path = GraphQL;
			sourceTree = "<group>";
		};
		240C91EA29706000003547FC /* Queries */ = {
			isa = PBXGroup;
			children = (
				240C91EB29706026003547FC /* GetCountries.graphql */,
				24E3DFB92970AD0000133975 /* GetCountryDetail.graphql */,
			);
			path = Queries;
			sourceTree = "<group>";
		};
		240C91ED2970613D003547FC /* Generated */ = {
			isa = PBXGroup;
			children = (
				240C91EE2970613D003547FC /* Operations */,
				240C91F12970613D003547FC /* Schema */,
				240C91F72970613D003547FC /* SchemaGraphQL.graphql.swift */,
			);
			path = Generated;
			sourceTree = "<group>";
		};
		240C91EE2970613D003547FC /* Operations */ = {
			isa = PBXGroup;
			children = (
				240C91EF2970613D003547FC /* Queries */,
			);
			path = Operations;
			sourceTree = "<group>";
		};
		240C91EF2970613D003547FC /* Queries */ = {
			isa = PBXGroup;
			children = (
				24E3DFBB2970ADEF00133975 /* GetCountryDetailQuery.graphql.swift */,
				240C91F02970613D003547FC /* GetCountriesQuery.graphql.swift */,
			);
			path = Queries;
			sourceTree = "<group>";
		};
		240C91F12970613D003547FC /* Schema */ = {
			isa = PBXGroup;
			children = (
				240C91F22970613D003547FC /* Objects */,
				240C91F52970613D003547FC /* SchemaConfiguration.swift */,
				240C91F62970613D003547FC /* SchemaMetadata.graphql.swift */,
			);
			path = Schema;
			sourceTree = "<group>";
		};
		240C91F22970613D003547FC /* Objects */ = {
			isa = PBXGroup;
			children = (
				24E3DFC02970B3E000133975 /* Continent.graphql.swift */,
				240C91F42970613D003547FC /* Country.graphql.swift */,
				24E3DFC12970B3E000133975 /* Language.graphql.swift */,
				240C91F32970613D003547FC /* Query.graphql.swift */,
			);
			path = Objects;
			sourceTree = "<group>";
		};
		2452CA49296F6BAF00DD0CF7 /* Reusable Components */ = {
			isa = PBXGroup;
			children = (
				2458CA4229731B0900B969AA /* EmptyView.swift */,
				2452CA4A296F6BC700DD0CF7 /* ErrorView.swift */,
			);
			path = "Reusable Components";
			sourceTree = "<group>";
		};
		2489D995296F18AB0033717C = {
			isa = PBXGroup;
			children = (
				2489D9F7296F56380033717C /* README.md */,
				2489D9A0296F18AB0033717C /* HeyWorld */,
				2489D9B1296F18AC0033717C /* HeyWorldTests */,
				2489D99F296F18AB0033717C /* Products */,
			);
			sourceTree = "<group>";
		};
		2489D99F296F18AB0033717C /* Products */ = {
			isa = PBXGroup;
			children = (
				2489D99E296F18AB0033717C /* HeyWorld.app */,
				2489D9AE296F18AC0033717C /* HeyWorldTests.xctest */,
			);
			name = Products;
			sourceTree = "<group>";
		};
		2489D9A0296F18AB0033717C /* HeyWorld */ = {
			isa = PBXGroup;
			children = (
				2489D9A1296F18AB0033717C /* HeyWorldApp.swift */,
				2489D9A5296F18AC0033717C /* Assets.xcassets */,
				2489D9CE296F1A710033717C /* Features */,
				240C91E929705FBC003547FC /* GraphQL */,
				2489D9D4296F1B720033717C /* Models */,
				2489D9A7296F18AC0033717C /* Preview Content */,
				2452CA49296F6BAF00DD0CF7 /* Reusable Components */,
				24E3DF9E2970A43D00133975 /* Services */,
				2489D9E8296F1F180033717C /* Utilities */,
			);
			path = HeyWorld;
			sourceTree = "<group>";
		};
		2489D9A7296F18AC0033717C /* Preview Content */ = {
			isa = PBXGroup;
			children = (
				2489D9A8296F18AC0033717C /* Preview Assets.xcassets */,
			);
			path = "Preview Content";
			sourceTree = "<group>";
		};
		2489D9B1296F18AC0033717C /* HeyWorldTests */ = {
			isa = PBXGroup;
			children = (
				2458CA4C297457A000B969AA /* CountryDetailFetcherMocked.swift */,
				2458CA4E297458F300B969AA /* CountryDetailViewModelTests.swift */,
				2458CA4A297441A000B969AA /* CountryListFetcherMocked.swift */,
				2458CA442974124400B969AA /* CountryListViewModelTests.swift */,
			);
			path = HeyWorldTests;
			sourceTree = "<group>";
		};
		2489D9CE296F1A710033717C /* Features */ = {
			isa = PBXGroup;
			children = (
				2489D9EE296F31300033717C /* Country Detail */,
				2489D9CF296F1A800033717C /* Country List */,
			);
			path = Features;
			sourceTree = "<group>";
		};
		2489D9CF296F1A800033717C /* Country List */ = {
			isa = PBXGroup;
			children = (
				2489D9D0296F1AC70033717C /* CountryListView.swift */,
				2489D9D2296F1ADB0033717C /* CountryListViewModel.swift */,
				2489D9ED296F2BA10033717C /* Row */,
			);
			path = "Country List";
			sourceTree = "<group>";
		};
		2489D9D4296F1B720033717C /* Models */ = {
			isa = PBXGroup;
			children = (
				2489D9F3296F32490033717C /* CountryDetailed.swift */,
				2489D9D5296F1B860033717C /* CountryLight.swift */,
				2489D9F5296F33C10033717C /* CountryProtocol.swift */,
				2489D9F9296F5AFA0033717C /* Continent.swift */,
				2489D9FB296F5C0D0033717C /* Languages.swift */,
			);
			path = Models;
			sourceTree = "<group>";
		};
		2489D9E8296F1F180033717C /* Utilities */ = {
			isa = PBXGroup;
			children = (
				2489D9E9296F1F560033717C /* ViewModelState.swift */,
			);
			path = Utilities;
			sourceTree = "<group>";
		};
		2489D9ED296F2BA10033717C /* Row */ = {
			isa = PBXGroup;
			children = (
				2489D9EB296F2AD40033717C /* CountryListRowView.swift */,
			);
			path = Row;
			sourceTree = "<group>";
		};
		2489D9EE296F31300033717C /* Country Detail */ = {
			isa = PBXGroup;
			children = (
				2489D9EF296F31500033717C /* CountryDetailView.swift */,
				2489D9F1296F31920033717C /* CountryDetailViewModel.swift */,
				2458CA3E2971B56700B969AA /* CountryDetailElementView.swift */,
			);
			path = "Country Detail";
			sourceTree = "<group>";
		};
		24E3DF9E2970A43D00133975 /* Services */ = {
			isa = PBXGroup;
			children = (
				24E3DF9F2970A44400133975 /* Network */,
			);
			path = Services;
			sourceTree = "<group>";
		};
		24E3DF9F2970A44400133975 /* Network */ = {
			isa = PBXGroup;
			children = (
				24E3DFC42970B50B00133975 /* Fetcher.swift */,
				2458CA40297319D400B969AA /* HeyWorldError.swift */,
				24E3DFA22970A56800133975 /* Network.swift */,
				24E3DFBD2970AE0400133975 /* Fetchers */,
			);
			path = Network;
			sourceTree = "<group>";
		};
		24E3DFBD2970AE0400133975 /* Fetchers */ = {
			isa = PBXGroup;
			children = (
				240C91FE2970639B003547FC /* CountryListFetcher.swift */,
				24E3DFBE2970AE1D00133975 /* CountryDetailFetcher.swift */,
			);
			path = Fetchers;
			sourceTree = "<group>";
		};
/* End PBXGroup section */

/* Begin PBXNativeTarget section */
		2489D99D296F18AB0033717C /* HeyWorld */ = {
			isa = PBXNativeTarget;
			buildConfigurationList = 2489D9C2296F18AC0033717C /* Build configuration list for PBXNativeTarget "HeyWorld" */;
			buildPhases = (
				2489D99A296F18AB0033717C /* Sources */,
				2489D99B296F18AB0033717C /* Frameworks */,
				2489D99C296F18AB0033717C /* Resources */,
			);
			buildRules = (
			);
			dependencies = (
			);
			name = HeyWorld;
			packageProductDependencies = (
				2489D9CC296F18E10033717C /* Apollo */,
			);
			productName = HeyWorld;
			productReference = 2489D99E296F18AB0033717C /* HeyWorld.app */;
			productType = "com.apple.product-type.application";
		};
		2489D9AD296F18AC0033717C /* HeyWorldTests */ = {
			isa = PBXNativeTarget;
			buildConfigurationList = 2489D9C5296F18AC0033717C /* Build configuration list for PBXNativeTarget "HeyWorldTests" */;
			buildPhases = (
				2489D9AA296F18AC0033717C /* Sources */,
				2489D9AB296F18AC0033717C /* Frameworks */,
				2489D9AC296F18AC0033717C /* Resources */,
			);
			buildRules = (
			);
			dependencies = (
				2489D9B0296F18AC0033717C /* PBXTargetDependency */,
			);
			name = HeyWorldTests;
			productName = HeyWorldTests;
			productReference = 2489D9AE296F18AC0033717C /* HeyWorldTests.xctest */;
			productType = "com.apple.product-type.bundle.unit-test";
		};
/* End PBXNativeTarget section */

/* Begin PBXProject section */
		2489D996296F18AB0033717C /* Project object */ = {
			isa = PBXProject;
			attributes = {
				BuildIndependentTargetsInParallel = 1;
				LastSwiftUpdateCheck = 1420;
				LastUpgradeCheck = 1420;
				TargetAttributes = {
					2489D99D296F18AB0033717C = {
						CreatedOnToolsVersion = 14.2;
					};
					2489D9AD296F18AC0033717C = {
						CreatedOnToolsVersion = 14.2;
						TestTargetID = 2489D99D296F18AB0033717C;
					};
				};
			};
			buildConfigurationList = 2489D999296F18AB0033717C /* Build configuration list for PBXProject "HeyWorld" */;
			compatibilityVersion = "Xcode 14.0";
			developmentRegion = en;
			hasScannedForEncodings = 0;
			knownRegions = (
				en,
				Base,
			);
			mainGroup = 2489D995296F18AB0033717C;
			packageReferences = (
				2489D9CB296F18E10033717C /* XCRemoteSwiftPackageReference "apollo-ios" */,
			);
			productRefGroup = 2489D99F296F18AB0033717C /* Products */;
			projectDirPath = "";
			projectRoot = "";
			targets = (
				2489D99D296F18AB0033717C /* HeyWorld */,
				2489D9AD296F18AC0033717C /* HeyWorldTests */,
			);
		};
/* End PBXProject section */

/* Begin PBXResourcesBuildPhase section */
		2489D99C296F18AB0033717C /* Resources */ = {
			isa = PBXResourcesBuildPhase;
			buildActionMask = 2147483647;
			files = (
				24E3DFA72970A5A500133975 /* apollo-codegen-config.json in Resources */,
				2489D9F8296F56380033717C /* README.md in Resources */,
				24E3DFA62970A5A500133975 /* schema.graphqls in Resources */,
				24E3DFBA2970AD0000133975 /* GetCountryDetail.graphql in Resources */,
				240C91EC29706026003547FC /* GetCountries.graphql in Resources */,
				2489D9A9296F18AC0033717C /* Preview Assets.xcassets in Resources */,
				2489D9A6296F18AC0033717C /* Assets.xcassets in Resources */,
			);
			runOnlyForDeploymentPostprocessing = 0;
		};
		2489D9AC296F18AC0033717C /* Resources */ = {
			isa = PBXResourcesBuildPhase;
			buildActionMask = 2147483647;
			files = (
			);
			runOnlyForDeploymentPostprocessing = 0;
		};
/* End PBXResourcesBuildPhase section */

/* Begin PBXSourcesBuildPhase section */
		2489D99A296F18AB0033717C /* Sources */ = {
			isa = PBXSourcesBuildPhase;
			buildActionMask = 2147483647;
			files = (
				240C91FB2970613D003547FC /* SchemaConfiguration.swift in Sources */,
				2489D9F0296F31500033717C /* CountryDetailView.swift in Sources */,
				240C91FA2970613D003547FC /* Country.graphql.swift in Sources */,
				2489D9EC296F2AD40033717C /* CountryListRowView.swift in Sources */,
				2489D9F4296F32490033717C /* CountryDetailed.swift in Sources */,
				24E3DFA32970A56800133975 /* Network.swift in Sources */,
				2458CA4329731B0900B969AA /* EmptyView.swift in Sources */,
				2489D9F2296F31920033717C /* CountryDetailViewModel.swift in Sources */,
				2489D9FA296F5AFA0033717C /* Continent.swift in Sources */,
				24E3DFBC2970ADEF00133975 /* GetCountryDetailQuery.graphql.swift in Sources */,
				24E3DFC22970B3E000133975 /* Continent.graphql.swift in Sources */,
				2489D9FC296F5C0D0033717C /* Languages.swift in Sources */,
				24E3DFC52970B50B00133975 /* Fetcher.swift in Sources */,
				2489D9F6296F33C10033717C /* CountryProtocol.swift in Sources */,
				240C91F92970613D003547FC /* Query.graphql.swift in Sources */,
				240C91F82970613D003547FC /* GetCountriesQuery.graphql.swift in Sources */,
				24E3DFC32970B3E000133975 /* Language.graphql.swift in Sources */,
				24E3DFBF2970AE1D00133975 /* CountryDetailFetcher.swift in Sources */,
				240C91FD2970613D003547FC /* SchemaGraphQL.graphql.swift in Sources */,
				2489D9EA296F1F560033717C /* ViewModelState.swift in Sources */,
				2489D9D3296F1ADB0033717C /* CountryListViewModel.swift in Sources */,
				2489D9A2296F18AB0033717C /* HeyWorldApp.swift in Sources */,
				2489D9D6296F1B860033717C /* CountryLight.swift in Sources */,
				2458CA41297319D400B969AA /* HeyWorldError.swift in Sources */,
				240C91FF2970639B003547FC /* CountryListFetcher.swift in Sources */,
				2458CA3F2971B56700B969AA /* CountryDetailElementView.swift in Sources */,
				2452CA4B296F6BC700DD0CF7 /* ErrorView.swift in Sources */,
				240C91FC2970613D003547FC /* SchemaMetadata.graphql.swift in Sources */,
				2489D9D1296F1AC70033717C /* CountryListView.swift in Sources */,
			);
			runOnlyForDeploymentPostprocessing = 0;
		};
		2489D9AA296F18AC0033717C /* Sources */ = {
			isa = PBXSourcesBuildPhase;
			buildActionMask = 2147483647;
			files = (
				2458CA4D297457A000B969AA /* CountryDetailFetcherMocked.swift in Sources */,
				2458CA452974124400B969AA /* CountryListViewModelTests.swift in Sources */,
				2458CA4F297458F300B969AA /* CountryDetailViewModelTests.swift in Sources */,
				2458CA4B297441A000B969AA /* CountryListFetcherMocked.swift in Sources */,
			);
			runOnlyForDeploymentPostprocessing = 0;
		};
/* End PBXSourcesBuildPhase section */

/* Begin PBXTargetDependency section */
		2489D9B0296F18AC0033717C /* PBXTargetDependency */ = {
			isa = PBXTargetDependency;
			target = 2489D99D296F18AB0033717C /* HeyWorld */;
			targetProxy = 2489D9AF296F18AC0033717C /* PBXContainerItemProxy */;
		};
/* End PBXTargetDependency section */

/* Begin XCBuildConfiguration section */
		2489D9C0296F18AC0033717C /* Debug */ = {
			isa = XCBuildConfiguration;
			buildSettings = {
				ALWAYS_SEARCH_USER_PATHS = NO;
				CLANG_ANALYZER_NONNULL = YES;
				CLANG_ANALYZER_NUMBER_OBJECT_CONVERSION = YES_AGGRESSIVE;
				CLANG_CXX_LANGUAGE_STANDARD = "gnu++20";
				CLANG_ENABLE_MODULES = YES;
				CLANG_ENABLE_OBJC_ARC = YES;
				CLANG_ENABLE_OBJC_WEAK = YES;
				CLANG_WARN_BLOCK_CAPTURE_AUTORELEASING = YES;
				CLANG_WARN_BOOL_CONVERSION = YES;
				CLANG_WARN_COMMA = YES;
				CLANG_WARN_CONSTANT_CONVERSION = YES;
				CLANG_WARN_DEPRECATED_OBJC_IMPLEMENTATIONS = YES;
				CLANG_WARN_DIRECT_OBJC_ISA_USAGE = YES_ERROR;
				CLANG_WARN_DOCUMENTATION_COMMENTS = YES;
				CLANG_WARN_EMPTY_BODY = YES;
				CLANG_WARN_ENUM_CONVERSION = YES;
				CLANG_WARN_INFINITE_RECURSION = YES;
				CLANG_WARN_INT_CONVERSION = YES;
				CLANG_WARN_NON_LITERAL_NULL_CONVERSION = YES;
				CLANG_WARN_OBJC_IMPLICIT_RETAIN_SELF = YES;
				CLANG_WARN_OBJC_LITERAL_CONVERSION = YES;
				CLANG_WARN_OBJC_ROOT_CLASS = YES_ERROR;
				CLANG_WARN_QUOTED_INCLUDE_IN_FRAMEWORK_HEADER = YES;
				CLANG_WARN_RANGE_LOOP_ANALYSIS = YES;
				CLANG_WARN_STRICT_PROTOTYPES = YES;
				CLANG_WARN_SUSPICIOUS_MOVE = YES;
				CLANG_WARN_UNGUARDED_AVAILABILITY = YES_AGGRESSIVE;
				CLANG_WARN_UNREACHABLE_CODE = YES;
				CLANG_WARN__DUPLICATE_METHOD_MATCH = YES;
				COPY_PHASE_STRIP = NO;
				DEBUG_INFORMATION_FORMAT = dwarf;
				ENABLE_STRICT_OBJC_MSGSEND = YES;
				ENABLE_TESTABILITY = YES;
				GCC_C_LANGUAGE_STANDARD = gnu11;
				GCC_DYNAMIC_NO_PIC = NO;
				GCC_NO_COMMON_BLOCKS = YES;
				GCC_OPTIMIZATION_LEVEL = 0;
				GCC_PREPROCESSOR_DEFINITIONS = (
					"DEBUG=1",
					"$(inherited)",
				);
				GCC_WARN_64_TO_32_BIT_CONVERSION = YES;
				GCC_WARN_ABOUT_RETURN_TYPE = YES_ERROR;
				GCC_WARN_UNDECLARED_SELECTOR = YES;
				GCC_WARN_UNINITIALIZED_AUTOS = YES_AGGRESSIVE;
				GCC_WARN_UNUSED_FUNCTION = YES;
				GCC_WARN_UNUSED_VARIABLE = YES;
				IPHONEOS_DEPLOYMENT_TARGET = 16.2;
				MTL_ENABLE_DEBUG_INFO = INCLUDE_SOURCE;
				MTL_FAST_MATH = YES;
				ONLY_ACTIVE_ARCH = YES;
				SDKROOT = iphoneos;
				SWIFT_ACTIVE_COMPILATION_CONDITIONS = DEBUG;
				SWIFT_OPTIMIZATION_LEVEL = "-Onone";
			};
			name = Debug;
		};
		2489D9C1296F18AC0033717C /* Release */ = {
			isa = XCBuildConfiguration;
			buildSettings = {
				ALWAYS_SEARCH_USER_PATHS = NO;
				CLANG_ANALYZER_NONNULL = YES;
				CLANG_ANALYZER_NUMBER_OBJECT_CONVERSION = YES_AGGRESSIVE;
				CLANG_CXX_LANGUAGE_STANDARD = "gnu++20";
				CLANG_ENABLE_MODULES = YES;
				CLANG_ENABLE_OBJC_ARC = YES;
				CLANG_ENABLE_OBJC_WEAK = YES;
				CLANG_WARN_BLOCK_CAPTURE_AUTORELEASING = YES;
				CLANG_WARN_BOOL_CONVERSION = YES;
				CLANG_WARN_COMMA = YES;
				CLANG_WARN_CONSTANT_CONVERSION = YES;
				CLANG_WARN_DEPRECATED_OBJC_IMPLEMENTATIONS = YES;
				CLANG_WARN_DIRECT_OBJC_ISA_USAGE = YES_ERROR;
				CLANG_WARN_DOCUMENTATION_COMMENTS = YES;
				CLANG_WARN_EMPTY_BODY = YES;
				CLANG_WARN_ENUM_CONVERSION = YES;
				CLANG_WARN_INFINITE_RECURSION = YES;
				CLANG_WARN_INT_CONVERSION = YES;
				CLANG_WARN_NON_LITERAL_NULL_CONVERSION = YES;
				CLANG_WARN_OBJC_IMPLICIT_RETAIN_SELF = YES;
				CLANG_WARN_OBJC_LITERAL_CONVERSION = YES;
				CLANG_WARN_OBJC_ROOT_CLASS = YES_ERROR;
				CLANG_WARN_QUOTED_INCLUDE_IN_FRAMEWORK_HEADER = YES;
				CLANG_WARN_RANGE_LOOP_ANALYSIS = YES;
				CLANG_WARN_STRICT_PROTOTYPES = YES;
				CLANG_WARN_SUSPICIOUS_MOVE = YES;
				CLANG_WARN_UNGUARDED_AVAILABILITY = YES_AGGRESSIVE;
				CLANG_WARN_UNREACHABLE_CODE = YES;
				CLANG_WARN__DUPLICATE_METHOD_MATCH = YES;
				COPY_PHASE_STRIP = NO;
				DEBUG_INFORMATION_FORMAT = "dwarf-with-dsym";
				ENABLE_NS_ASSERTIONS = NO;
				ENABLE_STRICT_OBJC_MSGSEND = YES;
				GCC_C_LANGUAGE_STANDARD = gnu11;
				GCC_NO_COMMON_BLOCKS = YES;
				GCC_WARN_64_TO_32_BIT_CONVERSION = YES;
				GCC_WARN_ABOUT_RETURN_TYPE = YES_ERROR;
				GCC_WARN_UNDECLARED_SELECTOR = YES;
				GCC_WARN_UNINITIALIZED_AUTOS = YES_AGGRESSIVE;
				GCC_WARN_UNUSED_FUNCTION = YES;
				GCC_WARN_UNUSED_VARIABLE = YES;
				IPHONEOS_DEPLOYMENT_TARGET = 16.2;
				MTL_ENABLE_DEBUG_INFO = NO;
				MTL_FAST_MATH = YES;
				SDKROOT = iphoneos;
				SWIFT_COMPILATION_MODE = wholemodule;
				SWIFT_OPTIMIZATION_LEVEL = "-O";
				VALIDATE_PRODUCT = YES;
			};
			name = Release;
		};
		2489D9C3296F18AC0033717C /* Debug */ = {
			isa = XCBuildConfiguration;
			buildSettings = {
				ASSETCATALOG_COMPILER_APPICON_NAME = AppIcon;
				ASSETCATALOG_COMPILER_GLOBAL_ACCENT_COLOR_NAME = AccentColor;
				CODE_SIGN_STYLE = Automatic;
				CURRENT_PROJECT_VERSION = 1;
				DEVELOPMENT_ASSET_PATHS = "\"HeyWorld/Preview Content\"";
				DEVELOPMENT_TEAM = CQASCH7UX9;
				ENABLE_PREVIEWS = YES;
				GENERATE_INFOPLIST_FILE = YES;
				INFOPLIST_KEY_CFBundleDisplayName = "Hey World";
				INFOPLIST_KEY_UIApplicationSceneManifest_Generation = YES;
				INFOPLIST_KEY_UIApplicationSupportsIndirectInputEvents = YES;
				INFOPLIST_KEY_UILaunchScreen_Generation = YES;
				INFOPLIST_KEY_UISupportedInterfaceOrientations = UIInterfaceOrientationPortrait;
				INFOPLIST_KEY_UISupportedInterfaceOrientations_iPad = "UIInterfaceOrientationLandscapeLeft UIInterfaceOrientationLandscapeRight UIInterfaceOrientationPortrait UIInterfaceOrientationPortraitUpsideDown";
				IPHONEOS_DEPLOYMENT_TARGET = 15.0;
				LD_RUNPATH_SEARCH_PATHS = (
					"$(inherited)",
					"@executable_path/Frameworks",
				);
				MARKETING_VERSION = 1.0;
				PRODUCT_BUNDLE_IDENTIFIER = it.taddei.HeyWorld;
				PRODUCT_NAME = "$(TARGET_NAME)";
				SUPPORTED_PLATFORMS = "iphoneos iphonesimulator";
				SUPPORTS_MACCATALYST = NO;
				SUPPORTS_MAC_DESIGNED_FOR_IPHONE_IPAD = NO;
				SWIFT_EMIT_LOC_STRINGS = YES;
				SWIFT_VERSION = 5.0;
				TARGETED_DEVICE_FAMILY = 1;
			};
			name = Debug;
		};
		2489D9C4296F18AC0033717C /* Release */ = {
			isa = XCBuildConfiguration;
			buildSettings = {
				ASSETCATALOG_COMPILER_APPICON_NAME = AppIcon;
				ASSETCATALOG_COMPILER_GLOBAL_ACCENT_COLOR_NAME = AccentColor;
				CODE_SIGN_STYLE = Automatic;
				CURRENT_PROJECT_VERSION = 1;
				DEVELOPMENT_ASSET_PATHS = "\"HeyWorld/Preview Content\"";
				DEVELOPMENT_TEAM = CQASCH7UX9;
				ENABLE_PREVIEWS = YES;
				GENERATE_INFOPLIST_FILE = YES;
				INFOPLIST_KEY_CFBundleDisplayName = "Hey World";
				INFOPLIST_KEY_UIApplicationSceneManifest_Generation = YES;
				INFOPLIST_KEY_UIApplicationSupportsIndirectInputEvents = YES;
				INFOPLIST_KEY_UILaunchScreen_Generation = YES;
				INFOPLIST_KEY_UISupportedInterfaceOrientations = UIInterfaceOrientationPortrait;
				INFOPLIST_KEY_UISupportedInterfaceOrientations_iPad = "UIInterfaceOrientationLandscapeLeft UIInterfaceOrientationLandscapeRight UIInterfaceOrientationPortrait UIInterfaceOrientationPortraitUpsideDown";
				IPHONEOS_DEPLOYMENT_TARGET = 15.0;
				LD_RUNPATH_SEARCH_PATHS = (
					"$(inherited)",
					"@executable_path/Frameworks",
				);
				MARKETING_VERSION = 1.0;
				PRODUCT_BUNDLE_IDENTIFIER = it.taddei.HeyWorld;
				PRODUCT_NAME = "$(TARGET_NAME)";
				SUPPORTED_PLATFORMS = "iphoneos iphonesimulator";
				SUPPORTS_MACCATALYST = NO;
				SUPPORTS_MAC_DESIGNED_FOR_IPHONE_IPAD = NO;
				SWIFT_EMIT_LOC_STRINGS = YES;
				SWIFT_VERSION = 5.0;
				TARGETED_DEVICE_FAMILY = 1;
			};
			name = Release;
		};
		2489D9C6296F18AC0033717C /* Debug */ = {
			isa = XCBuildConfiguration;
			buildSettings = {
				ALWAYS_EMBED_SWIFT_STANDARD_LIBRARIES = YES;
				BUNDLE_LOADER = "$(TEST_HOST)";
				CODE_SIGN_STYLE = Automatic;
				CURRENT_PROJECT_VERSION = 1;
				DEVELOPMENT_TEAM = CQASCH7UX9;
				GENERATE_INFOPLIST_FILE = YES;
				IPHONEOS_DEPLOYMENT_TARGET = 16.2;
				MARKETING_VERSION = 1.0;
				PRODUCT_BUNDLE_IDENTIFIER = it.taddei.HeyWorldTests;
				PRODUCT_NAME = "$(TARGET_NAME)";
				SWIFT_EMIT_LOC_STRINGS = NO;
				SWIFT_VERSION = 5.0;
				TARGETED_DEVICE_FAMILY = "1,2";
				TEST_HOST = "$(BUILT_PRODUCTS_DIR)/HeyWorld.app/$(BUNDLE_EXECUTABLE_FOLDER_PATH)/HeyWorld";
			};
			name = Debug;
		};
		2489D9C7296F18AC0033717C /* Release */ = {
			isa = XCBuildConfiguration;
			buildSettings = {
				ALWAYS_EMBED_SWIFT_STANDARD_LIBRARIES = YES;
				BUNDLE_LOADER = "$(TEST_HOST)";
				CODE_SIGN_STYLE = Automatic;
				CURRENT_PROJECT_VERSION = 1;
				DEVELOPMENT_TEAM = CQASCH7UX9;
				GENERATE_INFOPLIST_FILE = YES;
				IPHONEOS_DEPLOYMENT_TARGET = 16.2;
				MARKETING_VERSION = 1.0;
				PRODUCT_BUNDLE_IDENTIFIER = it.taddei.HeyWorldTests;
				PRODUCT_NAME = "$(TARGET_NAME)";
				SWIFT_EMIT_LOC_STRINGS = NO;
				SWIFT_VERSION = 5.0;
				TARGETED_DEVICE_FAMILY = "1,2";
				TEST_HOST = "$(BUILT_PRODUCTS_DIR)/HeyWorld.app/$(BUNDLE_EXECUTABLE_FOLDER_PATH)/HeyWorld";
			};
			name = Release;
		};
/* End XCBuildConfiguration section */

/* Begin XCConfigurationList section */
		2489D999296F18AB0033717C /* Build configuration list for PBXProject "HeyWorld" */ = {
			isa = XCConfigurationList;
			buildConfigurations = (
				2489D9C0296F18AC0033717C /* Debug */,
				2489D9C1296F18AC0033717C /* Release */,
			);
			defaultConfigurationIsVisible = 0;
			defaultConfigurationName = Release;
		};
		2489D9C2296F18AC0033717C /* Build configuration list for PBXNativeTarget "HeyWorld" */ = {
			isa = XCConfigurationList;
			buildConfigurations = (
				2489D9C3296F18AC0033717C /* Debug */,
				2489D9C4296F18AC0033717C /* Release */,
			);
			defaultConfigurationIsVisible = 0;
			defaultConfigurationName = Release;
		};
		2489D9C5296F18AC0033717C /* Build configuration list for PBXNativeTarget "HeyWorldTests" */ = {
			isa = XCConfigurationList;
			buildConfigurations = (
				2489D9C6296F18AC0033717C /* Debug */,
				2489D9C7296F18AC0033717C /* Release */,
			);
			defaultConfigurationIsVisible = 0;
			defaultConfigurationName = Release;
		};
/* End XCConfigurationList section */

/* Begin XCRemoteSwiftPackageReference section */
		2489D9CB296F18E10033717C /* XCRemoteSwiftPackageReference "apollo-ios" */ = {
			isa = XCRemoteSwiftPackageReference;
			repositoryURL = "https://github.com/apollographql/apollo-ios.git";
			requirement = {
				kind = upToNextMajorVersion;
				minimumVersion = 1.0.0;
			};
		};
/* End XCRemoteSwiftPackageReference section */

/* Begin XCSwiftPackageProductDependency section */
		2489D9CC296F18E10033717C /* Apollo */ = {
			isa = XCSwiftPackageProductDependency;
			package = 2489D9CB296F18E10033717C /* XCRemoteSwiftPackageReference "apollo-ios" */;
			productName = Apollo;
		};
/* End XCSwiftPackageProductDependency section */
	};
	rootObject = 2489D996296F18AB0033717C /* Project object */;
}
